
Microsoft Visual Studio Solution File, Format Version 12.00
# Visual Studio Version 16
VisualStudioVersion = 16.0.30323.103
MinimumVisualStudioVersion = 10.0.40219.1
Project("{FAE04EC0-301F-11D3-BF4B-00C04F79EFBC}") = "DemoApp", "DemoApp\DemoApp.csproj", "{90257259-B1EB-41F9-BCB5-5A2C4464053C}"
EndProject
Project("{9A19103F-16F7-4668-BE54-9A1E7A4F7556}") = "Microsoft.FluentUI", "Microsoft.FluentUI\Microsoft.FluentUI.csproj", "{8115E797-EB86-4BB5-A38E-D6AA02B3F9CC}"
EndProject
Global
	GlobalSection(SolutionConfigurationPlatforms) = preSolution
		Debug|Any CPU = Debug|Any CPU
		Release|Any CPU = Release|Any CPU
	EndGlobalSection
	GlobalSection(ProjectConfigurationPlatforms) = postSolution
		{90257259-B1EB-41F9-BCB5-5A2C4464053C}.Debug|Any CPU.ActiveCfg = Debug|Any CPU
		{90257259-B1EB-41F9-BCB5-5A2C4464053C}.Debug|Any CPU.Build.0 = Debug|Any CPU
		{90257259-B1EB-41F9-BCB5-5A2C4464053C}.Release|Any CPU.ActiveCfg = Release|Any CPU
		{90257259-B1EB-41F9-BCB5-5A2C4464053C}.Release|Any CPU.Build.0 = Release|Any CPU
		{8115E797-EB86-4BB5-A38E-D6AA02B3F9CC}.Debug|Any CPU.ActiveCfg = Debug|Any CPU
		{8115E797-EB86-4BB5-A38E-D6AA02B3F9CC}.Debug|Any CPU.Build.0 = Debug|Any CPU
		{8115E797-EB86-4BB5-A38E-D6AA02B3F9CC}.Release|Any CPU.ActiveCfg = Release|Any CPU
		{8115E797-EB86-4BB5-A38E-D6AA02B3F9CC}.Release|Any CPU.Build.0 = Release|Any CPU
	EndGlobalSection
	GlobalSection(SolutionProperties) = preSolution
		HideSolutionNode = FALSE
	EndGlobalSection
	GlobalSection(ExtensibilityGlobals) = postSolution
		SolutionGuid = {5F7E16F9-B78C-4DEF-8850-44261F965E49}
	EndGlobalSection
EndGlobal
